// !$*UTF8*$!
{
	archiveVersion = 1;
	classes = {
	};
	objectVersion = 56;
	objects = {

/* Begin PBXBuildFile section */
		347C088E2CB177750081293F /* ContentView.swift in Sources */ = {isa = PBXBuildFile; fileRef = 347C088D2CB177750081293F /* ContentView.swift */; };
		347C08902CB1777B0081293F /* Assets.xcassets in Resources */ = {isa = PBXBuildFile; fileRef = 347C088F2CB1777B0081293F /* Assets.xcassets */; };
		347C08942CB1777B0081293F /* Preview Assets.xcassets in Resources */ = {isa = PBXBuildFile; fileRef = 347C08932CB1777B0081293F /* Preview Assets.xcassets */; };
		347C089E2CB1777C0081293F /* iOS_iBeacon_DemoTests.swift in Sources */ = {isa = PBXBuildFile; fileRef = 347C089D2CB1777C0081293F /* iOS_iBeacon_DemoTests.swift */; };
		347C08A82CB1777C0081293F /* iOS_iBeacon_DemoUITests.swift in Sources */ = {isa = PBXBuildFile; fileRef = 347C08A72CB1777C0081293F /* iOS_iBeacon_DemoUITests.swift */; };
		347C08AA2CB1777C0081293F /* iOS_iBeacon_DemoUITestsLaunchTests.swift in Sources */ = {isa = PBXBuildFile; fileRef = 347C08A92CB1777C0081293F /* iOS_iBeacon_DemoUITestsLaunchTests.swift */; };
		347C08C62CB183A00081293F /* Beacon.swift in Sources */ = {isa = PBXBuildFile; fileRef = 347C08C52CB183A00081293F /* Beacon.swift */; };
		347C08C82CB183DD0081293F /* BeaconRepository.swift in Sources */ = {isa = PBXBuildFile; fileRef = 347C08C72CB183DD0081293F /* BeaconRepository.swift */; };
		347C08CA2CB184270081293F /* BeaconRepositoryImpl.swift in Sources */ = {isa = PBXBuildFile; fileRef = 347C08C92CB184270081293F /* BeaconRepositoryImpl.swift */; };
		347C08D22CB2FA1B0081293F /* CoreLocationManager.swift in Sources */ = {isa = PBXBuildFile; fileRef = 347C08D12CB2FA1B0081293F /* CoreLocationManager.swift */; };
		347C08D32CB2FEB90081293F /* iOS_iBeacon_DemoApp.swift in Sources */ = {isa = PBXBuildFile; fileRef = 347C088B2CB177750081293F /* iOS_iBeacon_DemoApp.swift */; };
		347C08D72CB306E00081293F /* Localizable.xcstrings in Resources */ = {isa = PBXBuildFile; fileRef = 347C08D62CB306E00081293F /* Localizable.xcstrings */; };
		347C08D92CB307170081293F /* InfoPlist.xcstrings in Resources */ = {isa = PBXBuildFile; fileRef = 347C08D82CB307170081293F /* InfoPlist.xcstrings */; };
/* End PBXBuildFile section */

/* Begin PBXContainerItemProxy section */
		347C089A2CB1777C0081293F /* PBXContainerItemProxy */ = {
			isa = PBXContainerItemProxy;
			containerPortal = 347C08802CB177750081293F /* Project object */;
			proxyType = 1;
			remoteGlobalIDString = 347C08872CB177750081293F;
			remoteInfo = "iOS-iBeacon-Demo";
		};
		347C08A42CB1777C0081293F /* PBXContainerItemProxy */ = {
			isa = PBXContainerItemProxy;
			containerPortal = 347C08802CB177750081293F /* Project object */;
			proxyType = 1;
			remoteGlobalIDString = 347C08872CB177750081293F;
			remoteInfo = "iOS-iBeacon-Demo";
		};
/* End PBXContainerItemProxy section */

/* Begin PBXFileReference section */
		347C08882CB177750081293F /* iOS-iBeacon-Demo.app */ = {isa = PBXFileReference; explicitFileType = wrapper.application; includeInIndex = 0; path = "iOS-iBeacon-Demo.app"; sourceTree = BUILT_PRODUCTS_DIR; };
		347C088B2CB177750081293F /* iOS_iBeacon_DemoApp.swift */ = {isa = PBXFileReference; lastKnownFileType = sourcecode.swift; path = iOS_iBeacon_DemoApp.swift; sourceTree = "<group>"; };
		347C088D2CB177750081293F /* ContentView.swift */ = {isa = PBXFileReference; lastKnownFileType = sourcecode.swift; path = ContentView.swift; sourceTree = "<group>"; };
		347C088F2CB1777B0081293F /* Assets.xcassets */ = {isa = PBXFileReference; lastKnownFileType = folder.assetcatalog; path = Assets.xcassets; sourceTree = "<group>"; };
		347C08912CB1777B0081293F /* iOS_iBeacon_Demo.entitlements */ = {isa = PBXFileReference; lastKnownFileType = text.plist.entitlements; path = iOS_iBeacon_Demo.entitlements; sourceTree = "<group>"; };
		347C08932CB1777B0081293F /* Preview Assets.xcassets */ = {isa = PBXFileReference; lastKnownFileType = folder.assetcatalog; path = "Preview Assets.xcassets"; sourceTree = "<group>"; };
		347C08992CB1777C0081293F /* iOS-iBeacon-DemoTests.xctest */ = {isa = PBXFileReference; explicitFileType = wrapper.cfbundle; includeInIndex = 0; path = "iOS-iBeacon-DemoTests.xctest"; sourceTree = BUILT_PRODUCTS_DIR; };
		347C089D2CB1777C0081293F /* iOS_iBeacon_DemoTests.swift */ = {isa = PBXFileReference; lastKnownFileType = sourcecode.swift; path = iOS_iBeacon_DemoTests.swift; sourceTree = "<group>"; };
		347C08A32CB1777C0081293F /* iOS-iBeacon-DemoUITests.xctest */ = {isa = PBXFileReference; explicitFileType = wrapper.cfbundle; includeInIndex = 0; path = "iOS-iBeacon-DemoUITests.xctest"; sourceTree = BUILT_PRODUCTS_DIR; };
		347C08A72CB1777C0081293F /* iOS_iBeacon_DemoUITests.swift */ = {isa = PBXFileReference; lastKnownFileType = sourcecode.swift; path = iOS_iBeacon_DemoUITests.swift; sourceTree = "<group>"; };
		347C08A92CB1777C0081293F /* iOS_iBeacon_DemoUITestsLaunchTests.swift */ = {isa = PBXFileReference; lastKnownFileType = sourcecode.swift; path = iOS_iBeacon_DemoUITestsLaunchTests.swift; sourceTree = "<group>"; };
		347C08C52CB183A00081293F /* Beacon.swift */ = {isa = PBXFileReference; lastKnownFileType = sourcecode.swift; path = Beacon.swift; sourceTree = "<group>"; };
		347C08C72CB183DD0081293F /* BeaconRepository.swift */ = {isa = PBXFileReference; lastKnownFileType = sourcecode.swift; path = BeaconRepository.swift; sourceTree = "<group>"; };
		347C08C92CB184270081293F /* BeaconRepositoryImpl.swift */ = {isa = PBXFileReference; lastKnownFileType = sourcecode.swift; path = BeaconRepositoryImpl.swift; sourceTree = "<group>"; };
		347C08D12CB2FA1B0081293F /* CoreLocationManager.swift */ = {isa = PBXFileReference; lastKnownFileType = sourcecode.swift; path = CoreLocationManager.swift; sourceTree = "<group>"; };
		347C08D62CB306E00081293F /* Localizable.xcstrings */ = {isa = PBXFileReference; lastKnownFileType = text.json.xcstrings; path = Localizable.xcstrings; sourceTree = "<group>"; };
		347C08D82CB307170081293F /* InfoPlist.xcstrings */ = {isa = PBXFileReference; lastKnownFileType = text.json.xcstrings; path = InfoPlist.xcstrings; sourceTree = "<group>"; };
/* End PBXFileReference section */

/* Begin PBXFrameworksBuildPhase section */
		347C08852CB177750081293F /* Frameworks */ = {
			isa = PBXFrameworksBuildPhase;
			buildActionMask = 2147483647;
			files = (
			);
			runOnlyForDeploymentPostprocessing = 0;
		};
		347C08962CB1777C0081293F /* Frameworks */ = {
			isa = PBXFrameworksBuildPhase;
			buildActionMask = 2147483647;
			files = (
			);
			runOnlyForDeploymentPostprocessing = 0;
		};
		347C08A02CB1777C0081293F /* Frameworks */ = {
			isa = PBXFrameworksBuildPhase;
			buildActionMask = 2147483647;
			files = (
			);
			runOnlyForDeploymentPostprocessing = 0;
		};
/* End PBXFrameworksBuildPhase section */

/* Begin PBXGroup section */
		347C087F2CB177750081293F = {
			isa = PBXGroup;
			children = (
				347C088A2CB177750081293F /* iOS-iBeacon-Demo */,
				347C089C2CB1777C0081293F /* iOS-iBeacon-DemoTests */,
				347C08A62CB1777C0081293F /* iOS-iBeacon-DemoUITests */,
				347C088B2CB177750081293F /* iOS_iBeacon_DemoApp.swift */,
				347C08892CB177750081293F /* Products */,
			);
			sourceTree = "<group>";
		};
		347C08892CB177750081293F /* Products */ = {
			isa = PBXGroup;
			children = (
				347C08882CB177750081293F /* iOS-iBeacon-Demo.app */,
				347C08992CB1777C0081293F /* iOS-iBeacon-DemoTests.xctest */,
				347C08A32CB1777C0081293F /* iOS-iBeacon-DemoUITests.xctest */,
			);
			name = Products;
			sourceTree = "<group>";
		};
		347C088A2CB177750081293F /* iOS-iBeacon-Demo */ = {
			isa = PBXGroup;
			children = (
				347C08B62CB180390081293F /* Domain */,
				347C08BA2CB180520081293F /* Data */,
				347C08BD2CB180670081293F /* Presentation */,
				347C08C02CB1807C0081293F /* Infrastructure */,
				347C08C32CB180930081293F /* Resources */,
				347C088D2CB177750081293F /* ContentView.swift */,
				347C08912CB1777B0081293F /* iOS_iBeacon_Demo.entitlements */,
			);
			path = "iOS-iBeacon-Demo";
			sourceTree = "<group>";
		};
		347C08922CB1777B0081293F /* Preview Content */ = {
			isa = PBXGroup;
			children = (
				347C08932CB1777B0081293F /* Preview Assets.xcassets */,
			);
			path = "Preview Content";
			sourceTree = "<group>";
		};
		347C089C2CB1777C0081293F /* iOS-iBeacon-DemoTests */ = {
			isa = PBXGroup;
			children = (
				347C08CC2CB185130081293F /* DomainTest */,
				347C08CD2CB185190081293F /* DataTest */,
				347C08CE2CB185230081293F /* PresentationTest */,
				347C089D2CB1777C0081293F /* iOS_iBeacon_DemoTests.swift */,
			);
			path = "iOS-iBeacon-DemoTests";
			sourceTree = "<group>";
		};
		347C08A62CB1777C0081293F /* iOS-iBeacon-DemoUITests */ = {
			isa = PBXGroup;
			children = (
				347C08A72CB1777C0081293F /* iOS_iBeacon_DemoUITests.swift */,
				347C08A92CB1777C0081293F /* iOS_iBeacon_DemoUITestsLaunchTests.swift */,
			);
			path = "iOS-iBeacon-DemoUITests";
			sourceTree = "<group>";
		};
		347C08B62CB180390081293F /* Domain */ = {
			isa = PBXGroup;
			children = (
				347C08B72CB1803E0081293F /* Entities */,
				347C08B82CB180460081293F /* UseCases */,
				347C08B92CB1804D0081293F /* Interfaces */,
			);
			path = Domain;
			sourceTree = "<group>";
		};
		347C08B72CB1803E0081293F /* Entities */ = {
			isa = PBXGroup;
			children = (
				347C08C52CB183A00081293F /* Beacon.swift */,
			);
			path = Entities;
			sourceTree = "<group>";
		};
		347C08B82CB180460081293F /* UseCases */ = {
			isa = PBXGroup;
			children = (
			);
			path = UseCases;
			sourceTree = "<group>";
		};
		347C08B92CB1804D0081293F /* Interfaces */ = {
			isa = PBXGroup;
			children = (
				347C08C72CB183DD0081293F /* BeaconRepository.swift */,
			);
			path = Interfaces;
			sourceTree = "<group>";
		};
		347C08BA2CB180520081293F /* Data */ = {
			isa = PBXGroup;
			children = (
				347C08BB2CB180560081293F /* Repositories */,
				347C08BC2CB180600081293F /* Mapper */,
			);
			path = Data;
			sourceTree = "<group>";
		};
		347C08BB2CB180560081293F /* Repositories */ = {
			isa = PBXGroup;
			children = (
				347C08C92CB184270081293F /* BeaconRepositoryImpl.swift */,
			);
			path = Repositories;
			sourceTree = "<group>";
		};
		347C08BC2CB180600081293F /* Mapper */ = {
			isa = PBXGroup;
			children = (
			);
			path = Mapper;
			sourceTree = "<group>";
		};
		347C08BD2CB180670081293F /* Presentation */ = {
			isa = PBXGroup;
			children = (
				347C08922CB1777B0081293F /* Preview Content */,
			);
			path = Presentation;
			sourceTree = "<group>";
		};
		347C08C02CB1807C0081293F /* Infrastructure */ = {
			isa = PBXGroup;
			children = (
				347C08C22CB1808D0081293F /* BluetoothServices */,
				347C08C12CB180870081293F /* LocationServices */,
				347C08CB2CB184FD0081293F /* BeaconProvider */,
			);
			path = Infrastructure;
			sourceTree = "<group>";
		};
		347C08C12CB180870081293F /* LocationServices */ = {
			isa = PBXGroup;
			children = (
				347C08D12CB2FA1B0081293F /* CoreLocationManager.swift */,
			);
			path = LocationServices;
			sourceTree = "<group>";
		};
		347C08C22CB1808D0081293F /* BluetoothServices */ = {
			isa = PBXGroup;
			children = (
			);
			path = BluetoothServices;
			sourceTree = "<group>";
		};
		347C08C32CB180930081293F /* Resources */ = {
			isa = PBXGroup;
			children = (
				347C08D62CB306E00081293F /* Localizable.xcstrings */,
				347C088F2CB1777B0081293F /* Assets.xcassets */,
				347C08D82CB307170081293F /* InfoPlist.xcstrings */,
			);
			path = Resources;
			sourceTree = "<group>";
		};
		347C08CB2CB184FD0081293F /* BeaconProvider */ = {
			isa = PBXGroup;
			children = (
			);
			path = BeaconProvider;
			sourceTree = "<group>";
		};
		347C08CC2CB185130081293F /* DomainTest */ = {
			isa = PBXGroup;
			children = (
			);
			path = DomainTest;
			sourceTree = "<group>";
		};
		347C08CD2CB185190081293F /* DataTest */ = {
			isa = PBXGroup;
			children = (
			);
			path = DataTest;
			sourceTree = "<group>";
		};
		347C08CE2CB185230081293F /* PresentationTest */ = {
			isa = PBXGroup;
			children = (
			);
			path = PresentationTest;
			sourceTree = "<group>";
		};
/* End PBXGroup section */

/* Begin PBXNativeTarget section */
		347C08872CB177750081293F /* iOS-iBeacon-Demo */ = {
			isa = PBXNativeTarget;
			buildConfigurationList = 347C08AD2CB1777C0081293F /* Build configuration list for PBXNativeTarget "iOS-iBeacon-Demo" */;
			buildPhases = (
				347C08842CB177750081293F /* Sources */,
				347C08852CB177750081293F /* Frameworks */,
				347C08862CB177750081293F /* Resources */,
			);
			buildRules = (
			);
			dependencies = (
			);
			name = "iOS-iBeacon-Demo";
			productName = "iOS-iBeacon-Demo";
			productReference = 347C08882CB177750081293F /* iOS-iBeacon-Demo.app */;
			productType = "com.apple.product-type.application";
		};
		347C08982CB1777C0081293F /* iOS-iBeacon-DemoTests */ = {
			isa = PBXNativeTarget;
			buildConfigurationList = 347C08B02CB1777C0081293F /* Build configuration list for PBXNativeTarget "iOS-iBeacon-DemoTests" */;
			buildPhases = (
				347C08952CB1777C0081293F /* Sources */,
				347C08962CB1777C0081293F /* Frameworks */,
				347C08972CB1777C0081293F /* Resources */,
			);
			buildRules = (
			);
			dependencies = (
				347C089B2CB1777C0081293F /* PBXTargetDependency */,
			);
			name = "iOS-iBeacon-DemoTests";
			productName = "iOS-iBeacon-DemoTests";
			productReference = 347C08992CB1777C0081293F /* iOS-iBeacon-DemoTests.xctest */;
			productType = "com.apple.product-type.bundle.unit-test";
		};
		347C08A22CB1777C0081293F /* iOS-iBeacon-DemoUITests */ = {
			isa = PBXNativeTarget;
			buildConfigurationList = 347C08B32CB1777C0081293F /* Build configuration list for PBXNativeTarget "iOS-iBeacon-DemoUITests" */;
			buildPhases = (
				347C089F2CB1777C0081293F /* Sources */,
				347C08A02CB1777C0081293F /* Frameworks */,
				347C08A12CB1777C0081293F /* Resources */,
			);
			buildRules = (
			);
			dependencies = (
				347C08A52CB1777C0081293F /* PBXTargetDependency */,
			);
			name = "iOS-iBeacon-DemoUITests";
			productName = "iOS-iBeacon-DemoUITests";
			productReference = 347C08A32CB1777C0081293F /* iOS-iBeacon-DemoUITests.xctest */;
			productType = "com.apple.product-type.bundle.ui-testing";
		};
/* End PBXNativeTarget section */

/* Begin PBXProject section */
		347C08802CB177750081293F /* Project object */ = {
			isa = PBXProject;
			attributes = {
				BuildIndependentTargetsInParallel = 1;
				LastSwiftUpdateCheck = 1540;
				LastUpgradeCheck = 1540;
				TargetAttributes = {
					347C08872CB177750081293F = {
						CreatedOnToolsVersion = 15.4;
					};
					347C08982CB1777C0081293F = {
						CreatedOnToolsVersion = 15.4;
						TestTargetID = 347C08872CB177750081293F;
					};
					347C08A22CB1777C0081293F = {
						CreatedOnToolsVersion = 15.4;
						TestTargetID = 347C08872CB177750081293F;
					};
				};
			};
			buildConfigurationList = 347C08832CB177750081293F /* Build configuration list for PBXProject "iOS-iBeacon-Demo" */;
			compatibilityVersion = "Xcode 14.0";
			developmentRegion = en;
			hasScannedForEncodings = 0;
			knownRegions = (
				en,
				Base,
				it,
			);
			mainGroup = 347C087F2CB177750081293F;
			productRefGroup = 347C08892CB177750081293F /* Products */;
			projectDirPath = "";
			projectRoot = "";
			targets = (
				347C08872CB177750081293F /* iOS-iBeacon-Demo */,
				347C08982CB1777C0081293F /* iOS-iBeacon-DemoTests */,
				347C08A22CB1777C0081293F /* iOS-iBeacon-DemoUITests */,
			);
		};
/* End PBXProject section */

/* Begin PBXResourcesBuildPhase section */
		347C08862CB177750081293F /* Resources */ = {
			isa = PBXResourcesBuildPhase;
			buildActionMask = 2147483647;
			files = (
				347C08942CB1777B0081293F /* Preview Assets.xcassets in Resources */,
				347C08902CB1777B0081293F /* Assets.xcassets in Resources */,
				347C08D92CB307170081293F /* InfoPlist.xcstrings in Resources */,
				347C08D72CB306E00081293F /* Localizable.xcstrings in Resources */,
			);
			runOnlyForDeploymentPostprocessing = 0;
		};
		347C08972CB1777C0081293F /* Resources */ = {
			isa = PBXResourcesBuildPhase;
			buildActionMask = 2147483647;
			files = (
			);
			runOnlyForDeploymentPostprocessing = 0;
		};
		347C08A12CB1777C0081293F /* Resources */ = {
			isa = PBXResourcesBuildPhase;
			buildActionMask = 2147483647;
			files = (
			);
			runOnlyForDeploymentPostprocessing = 0;
		};
/* End PBXResourcesBuildPhase section */

/* Begin PBXSourcesBuildPhase section */
		347C08842CB177750081293F /* Sources */ = {
			isa = PBXSourcesBuildPhase;
			buildActionMask = 2147483647;
			files = (
				347C08CA2CB184270081293F /* BeaconRepositoryImpl.swift in Sources */,
				347C088E2CB177750081293F /* ContentView.swift in Sources */,
				347C08D32CB2FEB90081293F /* iOS_iBeacon_DemoApp.swift in Sources */,
				347C08D22CB2FA1B0081293F /* CoreLocationManager.swift in Sources */,
				347C08C82CB183DD0081293F /* BeaconRepository.swift in Sources */,
				347C08C62CB183A00081293F /* Beacon.swift in Sources */,
			);
			runOnlyForDeploymentPostprocessing = 0;
		};
		347C08952CB1777C0081293F /* Sources */ = {
			isa = PBXSourcesBuildPhase;
			buildActionMask = 2147483647;
			files = (
				347C089E2CB1777C0081293F /* iOS_iBeacon_DemoTests.swift in Sources */,
			);
			runOnlyForDeploymentPostprocessing = 0;
		};
		347C089F2CB1777C0081293F /* Sources */ = {
			isa = PBXSourcesBuildPhase;
			buildActionMask = 2147483647;
			files = (
				347C08A82CB1777C0081293F /* iOS_iBeacon_DemoUITests.swift in Sources */,
				347C08AA2CB1777C0081293F /* iOS_iBeacon_DemoUITestsLaunchTests.swift in Sources */,
			);
			runOnlyForDeploymentPostprocessing = 0;
		};
/* End PBXSourcesBuildPhase section */

/* Begin PBXTargetDependency section */
		347C089B2CB1777C0081293F /* PBXTargetDependency */ = {
			isa = PBXTargetDependency;
			target = 347C08872CB177750081293F /* iOS-iBeacon-Demo */;
			targetProxy = 347C089A2CB1777C0081293F /* PBXContainerItemProxy */;
		};
		347C08A52CB1777C0081293F /* PBXTargetDependency */ = {
			isa = PBXTargetDependency;
			target = 347C08872CB177750081293F /* iOS-iBeacon-Demo */;
			targetProxy = 347C08A42CB1777C0081293F /* PBXContainerItemProxy */;
		};
/* End PBXTargetDependency section */

/* Begin XCBuildConfiguration section */
		347C08AB2CB1777C0081293F /* Debug */ = {
			isa = XCBuildConfiguration;
			buildSettings = {
				ALWAYS_SEARCH_USER_PATHS = NO;
				ASSETCATALOG_COMPILER_GENERATE_SWIFT_ASSET_SYMBOL_EXTENSIONS = YES;
				CLANG_ANALYZER_NONNULL = YES;
				CLANG_ANALYZER_NUMBER_OBJECT_CONVERSION = YES_AGGRESSIVE;
				CLANG_CXX_LANGUAGE_STANDARD = "gnu++20";
				CLANG_ENABLE_MODULES = YES;
				CLANG_ENABLE_OBJC_ARC = YES;
				CLANG_ENABLE_OBJC_WEAK = YES;
				CLANG_WARN_BLOCK_CAPTURE_AUTORELEASING = YES;
				CLANG_WARN_BOOL_CONVERSION = YES;
				CLANG_WARN_COMMA = YES;
				CLANG_WARN_CONSTANT_CONVERSION = YES;
				CLANG_WARN_DEPRECATED_OBJC_IMPLEMENTATIONS = YES;
				CLANG_WARN_DIRECT_OBJC_ISA_USAGE = YES_ERROR;
				CLANG_WARN_DOCUMENTATION_COMMENTS = YES;
				CLANG_WARN_EMPTY_BODY = YES;
				CLANG_WARN_ENUM_CONVERSION = YES;
				CLANG_WARN_INFINITE_RECURSION = YES;
				CLANG_WARN_INT_CONVERSION = YES;
				CLANG_WARN_NON_LITERAL_NULL_CONVERSION = YES;
				CLANG_WARN_OBJC_IMPLICIT_RETAIN_SELF = YES;
				CLANG_WARN_OBJC_LITERAL_CONVERSION = YES;
				CLANG_WARN_OBJC_ROOT_CLASS = YES_ERROR;
				CLANG_WARN_QUOTED_INCLUDE_IN_FRAMEWORK_HEADER = YES;
				CLANG_WARN_RANGE_LOOP_ANALYSIS = YES;
				CLANG_WARN_STRICT_PROTOTYPES = YES;
				CLANG_WARN_SUSPICIOUS_MOVE = YES;
				CLANG_WARN_UNGUARDED_AVAILABILITY = YES_AGGRESSIVE;
				CLANG_WARN_UNREACHABLE_CODE = YES;
				CLANG_WARN__DUPLICATE_METHOD_MATCH = YES;
				COPY_PHASE_STRIP = NO;
				DEBUG_INFORMATION_FORMAT = dwarf;
				ENABLE_STRICT_OBJC_MSGSEND = YES;
				ENABLE_TESTABILITY = YES;
				ENABLE_USER_SCRIPT_SANDBOXING = YES;
				GCC_C_LANGUAGE_STANDARD = gnu17;
				GCC_DYNAMIC_NO_PIC = NO;
				GCC_NO_COMMON_BLOCKS = YES;
				GCC_OPTIMIZATION_LEVEL = 0;
				GCC_PREPROCESSOR_DEFINITIONS = (
					"DEBUG=1",
					"$(inherited)",
				);
				GCC_WARN_64_TO_32_BIT_CONVERSION = YES;
				GCC_WARN_ABOUT_RETURN_TYPE = YES_ERROR;
				GCC_WARN_UNDECLARED_SELECTOR = YES;
				GCC_WARN_UNINITIALIZED_AUTOS = YES_AGGRESSIVE;
				GCC_WARN_UNUSED_FUNCTION = YES;
				GCC_WARN_UNUSED_VARIABLE = YES;
				LOCALIZATION_PREFERS_STRING_CATALOGS = YES;
				MTL_ENABLE_DEBUG_INFO = INCLUDE_SOURCE;
				MTL_FAST_MATH = YES;
				ONLY_ACTIVE_ARCH = YES;
				SWIFT_ACTIVE_COMPILATION_CONDITIONS = "DEBUG $(inherited)";
				SWIFT_OPTIMIZATION_LEVEL = "-Onone";
			};
			name = Debug;
		};
		347C08AC2CB1777C0081293F /* Release */ = {
			isa = XCBuildConfiguration;
			buildSettings = {
				ALWAYS_SEARCH_USER_PATHS = NO;
				ASSETCATALOG_COMPILER_GENERATE_SWIFT_ASSET_SYMBOL_EXTENSIONS = YES;
				CLANG_ANALYZER_NONNULL = YES;
				CLANG_ANALYZER_NUMBER_OBJECT_CONVERSION = YES_AGGRESSIVE;
				CLANG_CXX_LANGUAGE_STANDARD = "gnu++20";
				CLANG_ENABLE_MODULES = YES;
				CLANG_ENABLE_OBJC_ARC = YES;
				CLANG_ENABLE_OBJC_WEAK = YES;
				CLANG_WARN_BLOCK_CAPTURE_AUTORELEASING = YES;
				CLANG_WARN_BOOL_CONVERSION = YES;
				CLANG_WARN_COMMA = YES;
				CLANG_WARN_CONSTANT_CONVERSION = YES;
				CLANG_WARN_DEPRECATED_OBJC_IMPLEMENTATIONS = YES;
				CLANG_WARN_DIRECT_OBJC_ISA_USAGE = YES_ERROR;
				CLANG_WARN_DOCUMENTATION_COMMENTS = YES;
				CLANG_WARN_EMPTY_BODY = YES;
				CLANG_WARN_ENUM_CONVERSION = YES;
				CLANG_WARN_INFINITE_RECURSION = YES;
				CLANG_WARN_INT_CONVERSION = YES;
				CLANG_WARN_NON_LITERAL_NULL_CONVERSION = YES;
				CLANG_WARN_OBJC_IMPLICIT_RETAIN_SELF = YES;
				CLANG_WARN_OBJC_LITERAL_CONVERSION = YES;
				CLANG_WARN_OBJC_ROOT_CLASS = YES_ERROR;
				CLANG_WARN_QUOTED_INCLUDE_IN_FRAMEWORK_HEADER = YES;
				CLANG_WARN_RANGE_LOOP_ANALYSIS = YES;
				CLANG_WARN_STRICT_PROTOTYPES = YES;
				CLANG_WARN_SUSPICIOUS_MOVE = YES;
				CLANG_WARN_UNGUARDED_AVAILABILITY = YES_AGGRESSIVE;
				CLANG_WARN_UNREACHABLE_CODE = YES;
				CLANG_WARN__DUPLICATE_METHOD_MATCH = YES;
				COPY_PHASE_STRIP = NO;
				DEBUG_INFORMATION_FORMAT = "dwarf-with-dsym";
				ENABLE_NS_ASSERTIONS = NO;
				ENABLE_STRICT_OBJC_MSGSEND = YES;
				ENABLE_USER_SCRIPT_SANDBOXING = YES;
				GCC_C_LANGUAGE_STANDARD = gnu17;
				GCC_NO_COMMON_BLOCKS = YES;
				GCC_WARN_64_TO_32_BIT_CONVERSION = YES;
				GCC_WARN_ABOUT_RETURN_TYPE = YES_ERROR;
				GCC_WARN_UNDECLARED_SELECTOR = YES;
				GCC_WARN_UNINITIALIZED_AUTOS = YES_AGGRESSIVE;
				GCC_WARN_UNUSED_FUNCTION = YES;
				GCC_WARN_UNUSED_VARIABLE = YES;
				LOCALIZATION_PREFERS_STRING_CATALOGS = YES;
				MTL_ENABLE_DEBUG_INFO = NO;
				MTL_FAST_MATH = YES;
				SWIFT_COMPILATION_MODE = wholemodule;
			};
			name = Release;
		};
		347C08AE2CB1777C0081293F /* Debug */ = {
			isa = XCBuildConfiguration;
			buildSettings = {
				ASSETCATALOG_COMPILER_APPICON_NAME = AppIcon;
				ASSETCATALOG_COMPILER_GLOBAL_ACCENT_COLOR_NAME = AccentColor;
				CODE_SIGN_ENTITLEMENTS = "iOS-iBeacon-Demo/iOS_iBeacon_Demo.entitlements";
				CODE_SIGN_STYLE = Automatic;
				CURRENT_PROJECT_VERSION = 1;
				DEVELOPMENT_ASSET_PATHS = "\"iOS-iBeacon-Demo/Presentation/Preview Content\"";
				DEVELOPMENT_TEAM = 6A5AURU75H;
				ENABLE_HARDENED_RUNTIME = YES;
				ENABLE_PREVIEWS = YES;
				GENERATE_INFOPLIST_FILE = YES;
				INFOPLIST_FILE = "iOS-iBeacon-Demo/Info.plist";
				INFOPLIST_KEY_LSApplicationCategoryType = "";
				INFOPLIST_KEY_NSLocationAlwaysAndWhenInUseUsageDescription = "We need access to Bluetooth to detect and communicate with iBeacons.";
				INFOPLIST_KEY_NSLocationAlwaysUsageDescription = "We need access to your location even when the app is in the background to monitor iBeacons.";
				INFOPLIST_KEY_NSLocationWhenInUseUsageDescription = "We need access to your location while the app is in use to detect nearby iBeacons.";
				"INFOPLIST_KEY_UIApplicationSceneManifest_Generation[sdk=iphoneos*]" = YES;
				"INFOPLIST_KEY_UIApplicationSceneManifest_Generation[sdk=iphonesimulator*]" = YES;
				"INFOPLIST_KEY_UIApplicationSupportsIndirectInputEvents[sdk=iphoneos*]" = YES;
				"INFOPLIST_KEY_UIApplicationSupportsIndirectInputEvents[sdk=iphonesimulator*]" = YES;
				"INFOPLIST_KEY_UILaunchScreen_Generation[sdk=iphoneos*]" = YES;
				"INFOPLIST_KEY_UILaunchScreen_Generation[sdk=iphonesimulator*]" = YES;
				"INFOPLIST_KEY_UIStatusBarStyle[sdk=iphoneos*]" = UIStatusBarStyleDefault;
				"INFOPLIST_KEY_UIStatusBarStyle[sdk=iphonesimulator*]" = UIStatusBarStyleDefault;
				INFOPLIST_KEY_UISupportedInterfaceOrientations_iPad = "UIInterfaceOrientationPortrait UIInterfaceOrientationPortraitUpsideDown UIInterfaceOrientationLandscapeLeft UIInterfaceOrientationLandscapeRight";
				INFOPLIST_KEY_UISupportedInterfaceOrientations_iPhone = "UIInterfaceOrientationPortrait UIInterfaceOrientationLandscapeLeft UIInterfaceOrientationLandscapeRight";
				IPHONEOS_DEPLOYMENT_TARGET = 16.0;
				LD_RUNPATH_SEARCH_PATHS = "@executable_path/Frameworks";
				"LD_RUNPATH_SEARCH_PATHS[sdk=macosx*]" = "@executable_path/../Frameworks";
				MACOSX_DEPLOYMENT_TARGET = 14.5;
				MARKETING_VERSION = 1.0;
				PRODUCT_BUNDLE_IDENTIFIER = "com.roccodebellis.iOS-iBeacon-Demo";
				PRODUCT_NAME = "$(TARGET_NAME)";
				SDKROOT = auto;
				SUPPORTED_PLATFORMS = "iphoneos iphonesimulator";
				SUPPORTS_MACCATALYST = NO;
				SWIFT_EMIT_LOC_STRINGS = YES;
				SWIFT_VERSION = 5.0;
				TARGETED_DEVICE_FAMILY = "1,2";
			};
			name = Debug;
		};
		347C08AF2CB1777C0081293F /* Release */ = {
			isa = XCBuildConfiguration;
			buildSettings = {
				ASSETCATALOG_COMPILER_APPICON_NAME = AppIcon;
				ASSETCATALOG_COMPILER_GLOBAL_ACCENT_COLOR_NAME = AccentColor;
				CODE_SIGN_ENTITLEMENTS = "iOS-iBeacon-Demo/iOS_iBeacon_Demo.entitlements";
				CODE_SIGN_STYLE = Automatic;
				CURRENT_PROJECT_VERSION = 1;
				DEVELOPMENT_ASSET_PATHS = "\"iOS-iBeacon-Demo/Presentation/Preview Content\"";
				DEVELOPMENT_TEAM = 6A5AURU75H;
				ENABLE_HARDENED_RUNTIME = YES;
				ENABLE_PREVIEWS = YES;
				GENERATE_INFOPLIST_FILE = YES;
				INFOPLIST_FILE = "iOS-iBeacon-Demo/Info.plist";
				INFOPLIST_KEY_LSApplicationCategoryType = "";
				INFOPLIST_KEY_NSLocationAlwaysAndWhenInUseUsageDescription = "We need access to Bluetooth to detect and communicate with iBeacons.";
				INFOPLIST_KEY_NSLocationAlwaysUsageDescription = "We need access to your location even when the app is in the background to monitor iBeacons.";
				INFOPLIST_KEY_NSLocationWhenInUseUsageDescription = "We need access to your location while the app is in use to detect nearby iBeacons.";
				"INFOPLIST_KEY_UIApplicationSceneManifest_Generation[sdk=iphoneos*]" = YES;
				"INFOPLIST_KEY_UIApplicationSceneManifest_Generation[sdk=iphonesimulator*]" = YES;
				"INFOPLIST_KEY_UIApplicationSupportsIndirectInputEvents[sdk=iphoneos*]" = YES;
				"INFOPLIST_KEY_UIApplicationSupportsIndirectInputEvents[sdk=iphonesimulator*]" = YES;
				"INFOPLIST_KEY_UILaunchScreen_Generation[sdk=iphoneos*]" = YES;
				"INFOPLIST_KEY_UILaunchScreen_Generation[sdk=iphonesimulator*]" = YES;
				"INFOPLIST_KEY_UIStatusBarStyle[sdk=iphoneos*]" = UIStatusBarStyleDefault;
				"INFOPLIST_KEY_UIStatusBarStyle[sdk=iphonesimulator*]" = UIStatusBarStyleDefault;
				INFOPLIST_KEY_UISupportedInterfaceOrientations_iPad = "UIInterfaceOrientationPortrait UIInterfaceOrientationPortraitUpsideDown UIInterfaceOrientationLandscapeLeft UIInterfaceOrientationLandscapeRight";
				INFOPLIST_KEY_UISupportedInterfaceOrientations_iPhone = "UIInterfaceOrientationPortrait UIInterfaceOrientationLandscapeLeft UIInterfaceOrientationLandscapeRight";
				IPHONEOS_DEPLOYMENT_TARGET = 16.0;
				LD_RUNPATH_SEARCH_PATHS = "@executable_path/Frameworks";
				"LD_RUNPATH_SEARCH_PATHS[sdk=macosx*]" = "@executable_path/../Frameworks";
				MACOSX_DEPLOYMENT_TARGET = 14.5;
				MARKETING_VERSION = 1.0;
				PRODUCT_BUNDLE_IDENTIFIER = "com.roccodebellis.iOS-iBeacon-Demo";
				PRODUCT_NAME = "$(TARGET_NAME)";
				SDKROOT = auto;
				SUPPORTED_PLATFORMS = "iphoneos iphonesimulator";
				SUPPORTS_MACCATALYST = NO;
				SWIFT_EMIT_LOC_STRINGS = YES;
				SWIFT_VERSION = 5.0;
				TARGETED_DEVICE_FAMILY = "1,2";
			};
			name = Release;
		};
		347C08B12CB1777C0081293F /* Debug */ = {
			isa = XCBuildConfiguration;
			buildSettings = {
				ALWAYS_EMBED_SWIFT_STANDARD_LIBRARIES = YES;
				BUNDLE_LOADER = "$(TEST_HOST)";
				CODE_SIGN_STYLE = Automatic;
				CURRENT_PROJECT_VERSION = 1;
				DEVELOPMENT_TEAM = 6A5AURU75H;
				GENERATE_INFOPLIST_FILE = YES;
				IPHONEOS_DEPLOYMENT_TARGET = 17.5;
				MACOSX_DEPLOYMENT_TARGET = 14.5;
				MARKETING_VERSION = 1.0;
				PRODUCT_BUNDLE_IDENTIFIER = "com.kering.mxs.iOS-iBeacon-DemoTests";
				PRODUCT_NAME = "$(TARGET_NAME)";
				SDKROOT = auto;
				SUPPORTED_PLATFORMS = "iphoneos iphonesimulator macosx";
				SWIFT_EMIT_LOC_STRINGS = NO;
				SWIFT_VERSION = 5.0;
				TARGETED_DEVICE_FAMILY = "1,2";
				TEST_HOST = "$(BUILT_PRODUCTS_DIR)/iOS-iBeacon-Demo.app/$(BUNDLE_EXECUTABLE_FOLDER_PATH)/iOS-iBeacon-Demo";
			};
			name = Debug;
		};
		347C08B22CB1777C0081293F /* Release */ = {
			isa = XCBuildConfiguration;
			buildSettings = {
				ALWAYS_EMBED_SWIFT_STANDARD_LIBRARIES = YES;
				BUNDLE_LOADER = "$(TEST_HOST)";
				CODE_SIGN_STYLE = Automatic;
				CURRENT_PROJECT_VERSION = 1;
				DEVELOPMENT_TEAM = 6A5AURU75H;
				GENERATE_INFOPLIST_FILE = YES;
				IPHONEOS_DEPLOYMENT_TARGET = 17.5;
				MACOSX_DEPLOYMENT_TARGET = 14.5;
				MARKETING_VERSION = 1.0;
				PRODUCT_BUNDLE_IDENTIFIER = "com.kering.mxs.iOS-iBeacon-DemoTests";
				PRODUCT_NAME = "$(TARGET_NAME)";
				SDKROOT = auto;
				SUPPORTED_PLATFORMS = "iphoneos iphonesimulator macosx";
				SWIFT_EMIT_LOC_STRINGS = NO;
				SWIFT_VERSION = 5.0;
				TARGETED_DEVICE_FAMILY = "1,2";
				TEST_HOST = "$(BUILT_PRODUCTS_DIR)/iOS-iBeacon-Demo.app/$(BUNDLE_EXECUTABLE_FOLDER_PATH)/iOS-iBeacon-Demo";
			};
			name = Release;
		};
		347C08B42CB1777C0081293F /* Debug */ = {
			isa = XCBuildConfiguration;
			buildSettings = {
				ALWAYS_EMBED_SWIFT_STANDARD_LIBRARIES = YES;
				CODE_SIGN_STYLE = Automatic;
				CURRENT_PROJECT_VERSION = 1;
				DEVELOPMENT_TEAM = 6A5AURU75H;
				GENERATE_INFOPLIST_FILE = YES;
				IPHONEOS_DEPLOYMENT_TARGET = 17.5;
				MACOSX_DEPLOYMENT_TARGET = 14.5;
				MARKETING_VERSION = 1.0;
				PRODUCT_BUNDLE_IDENTIFIER = "com.kering.mxs.iOS-iBeacon-DemoUITests";
				PRODUCT_NAME = "$(TARGET_NAME)";
				SDKROOT = auto;
				SUPPORTED_PLATFORMS = "iphoneos iphonesimulator macosx";
				SWIFT_EMIT_LOC_STRINGS = NO;
				SWIFT_VERSION = 5.0;
				TARGETED_DEVICE_FAMILY = "1,2";
				TEST_TARGET_NAME = "iOS-iBeacon-Demo";
			};
			name = Debug;
		};
		347C08B52CB1777C0081293F /* Release */ = {
			isa = XCBuildConfiguration;
			buildSettings = {
				ALWAYS_EMBED_SWIFT_STANDARD_LIBRARIES = YES;
				CODE_SIGN_STYLE = Automatic;
				CURRENT_PROJECT_VERSION = 1;
				DEVELOPMENT_TEAM = 6A5AURU75H;
				GENERATE_INFOPLIST_FILE = YES;
				IPHONEOS_DEPLOYMENT_TARGET = 17.5;
				MACOSX_DEPLOYMENT_TARGET = 14.5;
				MARKETING_VERSION = 1.0;
				PRODUCT_BUNDLE_IDENTIFIER = "com.kering.mxs.iOS-iBeacon-DemoUITests";
				PRODUCT_NAME = "$(TARGET_NAME)";
				SDKROOT = auto;
				SUPPORTED_PLATFORMS = "iphoneos iphonesimulator macosx";
				SWIFT_EMIT_LOC_STRINGS = NO;
				SWIFT_VERSION = 5.0;
				TARGETED_DEVICE_FAMILY = "1,2";
				TEST_TARGET_NAME = "iOS-iBeacon-Demo";
			};
			name = Release;
		};
/* End XCBuildConfiguration section */

/* Begin XCConfigurationList section */
		347C08832CB177750081293F /* Build configuration list for PBXProject "iOS-iBeacon-Demo" */ = {
			isa = XCConfigurationList;
			buildConfigurations = (
				347C08AB2CB1777C0081293F /* Debug */,
				347C08AC2CB1777C0081293F /* Release */,
			);
			defaultConfigurationIsVisible = 0;
			defaultConfigurationName = Release;
		};
		347C08AD2CB1777C0081293F /* Build configuration list for PBXNativeTarget "iOS-iBeacon-Demo" */ = {
			isa = XCConfigurationList;
			buildConfigurations = (
				347C08AE2CB1777C0081293F /* Debug */,
				347C08AF2CB1777C0081293F /* Release */,
			);
			defaultConfigurationIsVisible = 0;
			defaultConfigurationName = Release;
		};
		347C08B02CB1777C0081293F /* Build configuration list for PBXNativeTarget "iOS-iBeacon-DemoTests" */ = {
			isa = XCConfigurationList;
			buildConfigurations = (
				347C08B12CB1777C0081293F /* Debug */,
				347C08B22CB1777C0081293F /* Release */,
			);
			defaultConfigurationIsVisible = 0;
			defaultConfigurationName = Release;
		};
		347C08B32CB1777C0081293F /* Build configuration list for PBXNativeTarget "iOS-iBeacon-DemoUITests" */ = {
			isa = XCConfigurationList;
			buildConfigurations = (
				347C08B42CB1777C0081293F /* Debug */,
				347C08B52CB1777C0081293F /* Release */,
			);
			defaultConfigurationIsVisible = 0;
			defaultConfigurationName = Release;
		};
/* End XCConfigurationList section */
	};
	rootObject = 347C08802CB177750081293F /* Project object */;
}
